
Microsoft Visual Studio Solution File, Format Version 12.00
# Visual Studio Version 16
VisualStudioVersion = 16.0.31005.135
MinimumVisualStudioVersion = 10.0.40219.1
Project("{FAE04EC0-301F-11D3-BF4B-00C04F79EFBC}") = "NeoSIDE", "NeoSIDE\NeoSIDE.csproj", "{512DAC82-1BCE-4273-B1A9-5C2768AABA56}"
EndProject
Global
	GlobalSection(SolutionConfigurationPlatforms) = preSolution
		Debug|Any CPU = Debug|Any CPU
		Release|Any CPU = Release|Any CPU
	EndGlobalSection
	GlobalSection(ProjectConfigurationPlatforms) = postSolution
		{512DAC82-1BCE-4273-B1A9-5C2768AABA56}.Debug|Any CPU.ActiveCfg = Debug|Any CPU
		{512DAC82-1BCE-4273-B1A9-5C2768AABA56}.Debug|Any CPU.Build.0 = Debug|Any CPU
		{512DAC82-1BCE-4273-B1A9-5C2768AABA56}.Release|Any CPU.ActiveCfg = Release|Any CPU
		{512DAC82-1BCE-4273-B1A9-5C2768AABA56}.Release|Any CPU.Build.0 = Release|Any CPU
	EndGlobalSection
	GlobalSection(SolutionProperties) = preSolution
		HideSolutionNode = FALSE
	EndGlobalSection
	GlobalSection(ExtensibilityGlobals) = postSolution
		SolutionGuid = {674DFB8C-6270-4177-8F22-3F6DD48BEF1D}
	EndGlobalSection
EndGlobal
